
Microsoft Visual Studio Solution File, Format Version 12.00
# Visual Studio Version 17
VisualStudioVersion = 17.13.35806.99
MinimumVisualStudioVersion = 10.0.40219.1
Project("{FAE04EC0-301F-11D3-BF4B-00C04F79EFBC}") = "Bikes.Domain", "Bikes.Domain\Bikes.Domain.csproj", "{B6E3E827-ADA9-4B0E-B704-484513A051A8}"
EndProject
Project("{FAE04EC0-301F-11D3-BF4B-00C04F79EFBC}") = "Bikes.Tests", "Bikes.Tests\Bikes.Tests.csproj", "{54F042E8-6681-4802-B300-ADFE25207ACB}"
EndProject
Project("{FAE04EC0-301F-11D3-BF4B-00C04F79EFBC}") = "Bikes.Infrastructure.InMemory", "Bikes.Infrastructure.InMemory\Bikes.Infrastructure.InMemory.csproj", "{610AD524-2BD4-429B-AAC9-D5AD48B8C50D}"
EndProject
Project("{FAE04EC0-301F-11D3-BF4B-00C04F79EFBC}") = "Bikes.Application", "Bikes.Application\Bikes.Application.csproj", "{619487B4-C5C4-4396-B2DF-18B83CD522CE}"
	ProjectSection(ProjectDependencies) = postProject
		{B6E3E827-ADA9-4B0E-B704-484513A051A8} = {B6E3E827-ADA9-4B0E-B704-484513A051A8}
	EndProjectSection
EndProject
Global
	GlobalSection(SolutionConfigurationPlatforms) = preSolution
		Debug|Any CPU = Debug|Any CPU
		Release|Any CPU = Release|Any CPU
	EndGlobalSection
	GlobalSection(ProjectConfigurationPlatforms) = postSolution
		{B6E3E827-ADA9-4B0E-B704-484513A051A8}.Debug|Any CPU.ActiveCfg = Debug|Any CPU
		{B6E3E827-ADA9-4B0E-B704-484513A051A8}.Debug|Any CPU.Build.0 = Debug|Any CPU
		{B6E3E827-ADA9-4B0E-B704-484513A051A8}.Release|Any CPU.ActiveCfg = Release|Any CPU
		{B6E3E827-ADA9-4B0E-B704-484513A051A8}.Release|Any CPU.Build.0 = Release|Any CPU
		{54F042E8-6681-4802-B300-ADFE25207ACB}.Debug|Any CPU.ActiveCfg = Debug|Any CPU
		{54F042E8-6681-4802-B300-ADFE25207ACB}.Debug|Any CPU.Build.0 = Debug|Any CPU
		{54F042E8-6681-4802-B300-ADFE25207ACB}.Release|Any CPU.ActiveCfg = Release|Any CPU
		{54F042E8-6681-4802-B300-ADFE25207ACB}.Release|Any CPU.Build.0 = Release|Any CPU
		{610AD524-2BD4-429B-AAC9-D5AD48B8C50D}.Debug|Any CPU.ActiveCfg = Debug|Any CPU
		{610AD524-2BD4-429B-AAC9-D5AD48B8C50D}.Debug|Any CPU.Build.0 = Debug|Any CPU
		{610AD524-2BD4-429B-AAC9-D5AD48B8C50D}.Release|Any CPU.ActiveCfg = Release|Any CPU
		{610AD524-2BD4-429B-AAC9-D5AD48B8C50D}.Release|Any CPU.Build.0 = Release|Any CPU
		{619487B4-C5C4-4396-B2DF-18B83CD522CE}.Debug|Any CPU.ActiveCfg = Debug|Any CPU
		{619487B4-C5C4-4396-B2DF-18B83CD522CE}.Debug|Any CPU.Build.0 = Debug|Any CPU
		{619487B4-C5C4-4396-B2DF-18B83CD522CE}.Release|Any CPU.ActiveCfg = Release|Any CPU
		{619487B4-C5C4-4396-B2DF-18B83CD522CE}.Release|Any CPU.Build.0 = Release|Any CPU
	EndGlobalSection
	GlobalSection(SolutionProperties) = preSolution
		HideSolutionNode = FALSE
	EndGlobalSection
	GlobalSection(ExtensibilityGlobals) = postSolution
		SolutionGuid = {E4862602-E7E8-42DA-A694-8CBA919A75FA}
	EndGlobalSection
EndGlobal
