
Microsoft Visual Studio Solution File, Format Version 12.00
# Visual Studio Version 17
VisualStudioVersion = 17.13.35806.99
MinimumVisualStudioVersion = 10.0.40219.1
Project("{FAE04EC0-301F-11D3-BF4B-00C04F79EFBC}") = "Bikes.Domain", "Bikes.Domain\Bikes.Domain.csproj", "{B6E3E827-ADA9-4B0E-B704-484513A051A8}"
EndProject
Project("{FAE04EC0-301F-11D3-BF4B-00C04F79EFBC}") = "Bikes.Tests", "Bikes.Tests\Bikes.Tests.csproj", "{54F042E8-6681-4802-B300-ADFE25207ACB}"
EndProject
Project("{FAE04EC0-301F-11D3-BF4B-00C04F79EFBC}") = "Bikes.Infrastructure.InMemory", "Bikes.Infrastructure.InMemory\Bikes.Infrastructure.InMemory.csproj", "{610AD524-2BD4-429B-AAC9-D5AD48B8C50D}"
EndProject
Project("{FAE04EC0-301F-11D3-BF4B-00C04F79EFBC}") = "Bikes.Application", "Bikes.Application\Bikes.Application.csproj", "{619487B4-C5C4-4396-B2DF-18B83CD522CE}"
	ProjectSection(ProjectDependencies) = postProject
		{B6E3E827-ADA9-4B0E-B704-484513A051A8} = {B6E3E827-ADA9-4B0E-B704-484513A051A8}
	EndProjectSection
EndProject
Project("{FAE04EC0-301F-11D3-BF4B-00C04F79EFBC}") = "Bikes.Api.Host", "Bikes.Api.Host\Bikes.Api.Host.csproj", "{B5E2CA3E-DD81-4B28-8783-1D1EE5352EF3}"
EndProject
Project("{FAE04EC0-301F-11D3-BF4B-00C04F79EFBC}") = "Bikes.Contracts", "Bikes.Contracts\Bikes.Contracts.csproj", "{2BE08B58-C908-406E-8B12-5EA2B44C39DB}"
EndProject
Project("{FAE04EC0-301F-11D3-BF4B-00C04F79EFBC}") = "Bikes.Infrastructure.MongoDb", "Bikes.Infrastructure.MongoDb\Bikes.Infrastructure.MongoDb.csproj", "{4F00B2E3-DB82-4F90-9086-D9AA517058DF}"
EndProject
Project("{FAE04EC0-301F-11D3-BF4B-00C04F79EFBC}") = "Bikes.ServiceDefaults", "Bikes.ServiceDefaults\Bikes.ServiceDefaults.csproj", "{51AF03C6-E1D9-4256-83CA-AE064A256692}"
EndProject
Project("{FAE04EC0-301F-11D3-BF4B-00C04F79EFBC}") = "Bikes.AppHost", "Bikes.AppHost\Bikes.AppHost.csproj", "{C5C91635-69D6-41B4-8A1C-67D6A6AADE1D}"
EndProject
Project("{FAE04EC0-301F-11D3-BF4B-00C04F79EFBC}") = "Bikes.Generator", "Bikes.Generator\Bikes.Generator.csproj", "{C6E99932-52ED-4DC1-B308-991E13074111}"
EndProject
Global
	GlobalSection(SolutionConfigurationPlatforms) = preSolution
		Debug|Any CPU = Debug|Any CPU
		Release|Any CPU = Release|Any CPU
	EndGlobalSection
	GlobalSection(ProjectConfigurationPlatforms) = postSolution
		{B6E3E827-ADA9-4B0E-B704-484513A051A8}.Debug|Any CPU.ActiveCfg = Debug|Any CPU
		{B6E3E827-ADA9-4B0E-B704-484513A051A8}.Debug|Any CPU.Build.0 = Debug|Any CPU
		{B6E3E827-ADA9-4B0E-B704-484513A051A8}.Release|Any CPU.ActiveCfg = Release|Any CPU
		{B6E3E827-ADA9-4B0E-B704-484513A051A8}.Release|Any CPU.Build.0 = Release|Any CPU
		{54F042E8-6681-4802-B300-ADFE25207ACB}.Debug|Any CPU.ActiveCfg = Debug|Any CPU
		{54F042E8-6681-4802-B300-ADFE25207ACB}.Debug|Any CPU.Build.0 = Debug|Any CPU
		{54F042E8-6681-4802-B300-ADFE25207ACB}.Release|Any CPU.ActiveCfg = Release|Any CPU
		{54F042E8-6681-4802-B300-ADFE25207ACB}.Release|Any CPU.Build.0 = Release|Any CPU
		{610AD524-2BD4-429B-AAC9-D5AD48B8C50D}.Debug|Any CPU.ActiveCfg = Debug|Any CPU
		{610AD524-2BD4-429B-AAC9-D5AD48B8C50D}.Debug|Any CPU.Build.0 = Debug|Any CPU
		{610AD524-2BD4-429B-AAC9-D5AD48B8C50D}.Release|Any CPU.ActiveCfg = Release|Any CPU
		{610AD524-2BD4-429B-AAC9-D5AD48B8C50D}.Release|Any CPU.Build.0 = Release|Any CPU
		{619487B4-C5C4-4396-B2DF-18B83CD522CE}.Debug|Any CPU.ActiveCfg = Debug|Any CPU
		{619487B4-C5C4-4396-B2DF-18B83CD522CE}.Debug|Any CPU.Build.0 = Debug|Any CPU
		{619487B4-C5C4-4396-B2DF-18B83CD522CE}.Release|Any CPU.ActiveCfg = Release|Any CPU
		{619487B4-C5C4-4396-B2DF-18B83CD522CE}.Release|Any CPU.Build.0 = Release|Any CPU
		{B5E2CA3E-DD81-4B28-8783-1D1EE5352EF3}.Debug|Any CPU.ActiveCfg = Debug|Any CPU
		{B5E2CA3E-DD81-4B28-8783-1D1EE5352EF3}.Debug|Any CPU.Build.0 = Debug|Any CPU
		{B5E2CA3E-DD81-4B28-8783-1D1EE5352EF3}.Release|Any CPU.ActiveCfg = Release|Any CPU
		{B5E2CA3E-DD81-4B28-8783-1D1EE5352EF3}.Release|Any CPU.Build.0 = Release|Any CPU
		{2BE08B58-C908-406E-8B12-5EA2B44C39DB}.Debug|Any CPU.ActiveCfg = Debug|Any CPU
		{2BE08B58-C908-406E-8B12-5EA2B44C39DB}.Debug|Any CPU.Build.0 = Debug|Any CPU
		{2BE08B58-C908-406E-8B12-5EA2B44C39DB}.Release|Any CPU.ActiveCfg = Release|Any CPU
		{2BE08B58-C908-406E-8B12-5EA2B44C39DB}.Release|Any CPU.Build.0 = Release|Any CPU
		{4F00B2E3-DB82-4F90-9086-D9AA517058DF}.Debug|Any CPU.ActiveCfg = Debug|Any CPU
		{4F00B2E3-DB82-4F90-9086-D9AA517058DF}.Debug|Any CPU.Build.0 = Debug|Any CPU
		{4F00B2E3-DB82-4F90-9086-D9AA517058DF}.Release|Any CPU.ActiveCfg = Release|Any CPU
		{4F00B2E3-DB82-4F90-9086-D9AA517058DF}.Release|Any CPU.Build.0 = Release|Any CPU
		{51AF03C6-E1D9-4256-83CA-AE064A256692}.Debug|Any CPU.ActiveCfg = Debug|Any CPU
		{51AF03C6-E1D9-4256-83CA-AE064A256692}.Debug|Any CPU.Build.0 = Debug|Any CPU
		{51AF03C6-E1D9-4256-83CA-AE064A256692}.Release|Any CPU.ActiveCfg = Release|Any CPU
		{51AF03C6-E1D9-4256-83CA-AE064A256692}.Release|Any CPU.Build.0 = Release|Any CPU
		{C5C91635-69D6-41B4-8A1C-67D6A6AADE1D}.Debug|Any CPU.ActiveCfg = Debug|Any CPU
		{C5C91635-69D6-41B4-8A1C-67D6A6AADE1D}.Debug|Any CPU.Build.0 = Debug|Any CPU
		{C5C91635-69D6-41B4-8A1C-67D6A6AADE1D}.Release|Any CPU.ActiveCfg = Release|Any CPU
		{C5C91635-69D6-41B4-8A1C-67D6A6AADE1D}.Release|Any CPU.Build.0 = Release|Any CPU
		{C6E99932-52ED-4DC1-B308-991E13074111}.Debug|Any CPU.ActiveCfg = Debug|Any CPU
		{C6E99932-52ED-4DC1-B308-991E13074111}.Debug|Any CPU.Build.0 = Debug|Any CPU
		{C6E99932-52ED-4DC1-B308-991E13074111}.Release|Any CPU.ActiveCfg = Release|Any CPU
		{C6E99932-52ED-4DC1-B308-991E13074111}.Release|Any CPU.Build.0 = Release|Any CPU
	EndGlobalSection
	GlobalSection(SolutionProperties) = preSolution
		HideSolutionNode = FALSE
	EndGlobalSection
	GlobalSection(ExtensibilityGlobals) = postSolution
		SolutionGuid = {E4862602-E7E8-42DA-A694-8CBA919A75FA}
	EndGlobalSection
EndGlobal
